
Microsoft Visual Studio Solution File, Format Version 11.00
# Visual C# Express 2010
Project("{FAE04EC0-301F-11D3-BF4B-00C04F79EFBC}") = "Minirechner TFO NEU", "Minirechner TFO NEU\Minirechner TFO NEU.csproj", "{AAB4DE1C-C78C-44D0-BB2D-3A69CD5B4EE8}"
EndProject
Global
	GlobalSection(SolutionConfigurationPlatforms) = preSolution
		Debug|x86 = Debug|x86
		Release|x86 = Release|x86
	EndGlobalSection
	GlobalSection(ProjectConfigurationPlatforms) = postSolution
		{AAB4DE1C-C78C-44D0-BB2D-3A69CD5B4EE8}.Debug|x86.ActiveCfg = Debug|x86
		{AAB4DE1C-C78C-44D0-BB2D-3A69CD5B4EE8}.Debug|x86.Build.0 = Debug|x86
		{AAB4DE1C-C78C-44D0-BB2D-3A69CD5B4EE8}.Release|x86.ActiveCfg = Release|x86
		{AAB4DE1C-C78C-44D0-BB2D-3A69CD5B4EE8}.Release|x86.Build.0 = Release|x86
	EndGlobalSection
	GlobalSection(SolutionProperties) = preSolution
		HideSolutionNode = FALSE
	EndGlobalSection
EndGlobal
